
Microsoft Visual Studio Solution File, Format Version 10.00
# Visual Studio 2008
Project("{FAE04EC0-301F-11D3-BF4B-00C04F79EFBC}") = "DNSLight", "DNSLight\DNSLight.csproj", "{D0C646A6-20EE-4E26-ACC4-5463074E3F28}"
EndProject
Project("{FAE04EC0-301F-11D3-BF4B-00C04F79EFBC}") = "RobLog", "..\RobLog\RobLog\RobLog.csproj", "{9BA4CF92-679C-453F-BD09-FCF5525DACC1}"
EndProject
Global
	GlobalSection(SubversionScc) = preSolution
		Svn-Managed = True
		Manager = AnkhSVN - Subversion Support for Visual Studio
	EndGlobalSection
	GlobalSection(SolutionConfigurationPlatforms) = preSolution
		Debug|Any CPU = Debug|Any CPU
		Release|Any CPU = Release|Any CPU
	EndGlobalSection
	GlobalSection(ProjectConfigurationPlatforms) = postSolution
		{D0C646A6-20EE-4E26-ACC4-5463074E3F28}.Debug|Any CPU.ActiveCfg = Debug|Any CPU
		{D0C646A6-20EE-4E26-ACC4-5463074E3F28}.Debug|Any CPU.Build.0 = Debug|Any CPU
		{D0C646A6-20EE-4E26-ACC4-5463074E3F28}.Release|Any CPU.ActiveCfg = Release|Any CPU
		{D0C646A6-20EE-4E26-ACC4-5463074E3F28}.Release|Any CPU.Build.0 = Release|Any CPU
		{9BA4CF92-679C-453F-BD09-FCF5525DACC1}.Debug|Any CPU.ActiveCfg = Debug|Any CPU
		{9BA4CF92-679C-453F-BD09-FCF5525DACC1}.Debug|Any CPU.Build.0 = Debug|Any CPU
		{9BA4CF92-679C-453F-BD09-FCF5525DACC1}.Release|Any CPU.ActiveCfg = Release|Any CPU
		{9BA4CF92-679C-453F-BD09-FCF5525DACC1}.Release|Any CPU.Build.0 = Release|Any CPU
	EndGlobalSection
	GlobalSection(SolutionProperties) = preSolution
		HideSolutionNode = FALSE
	EndGlobalSection
EndGlobal
